
Microsoft Visual Studio Solution File, Format Version 12.00
# Visual Studio 14
VisualStudioVersion = 14.0.25420.1
MinimumVisualStudioVersion = 10.0.40219.1
Project("{FAE04EC0-301F-11D3-BF4B-00C04F79EFBC}") = "Leaf.Web", "Leaf.Web\Leaf.Web.csproj", "{E8D84312-B4F4-4E08-9D49-825B4B66B850}"
EndProject
Project("{FAE04EC0-301F-11D3-BF4B-00C04F79EFBC}") = "Leaf.Auth", "Leaf.Auth\Leaf.Auth.csproj", "{5DDF6FC2-6034-4E7A-A34B-1E8C2FC93978}"
EndProject
Project("{FAE04EC0-301F-11D3-BF4B-00C04F79EFBC}") = "Leaf.Models", "Leaf.Models\Leaf.Models.csproj", "{9AA679C4-6BD2-4479-BA4F-1B9C88F8127B}"
EndProject
Project("{FAE04EC0-301F-11D3-BF4B-00C04F79EFBC}") = "Leaf.Data", "Leaf.Data\Leaf.Data.csproj", "{04FBA009-268D-4ECB-AB5F-3C76B197BE9A}"
EndProject
Global
	GlobalSection(SolutionConfigurationPlatforms) = preSolution
		Debug|Any CPU = Debug|Any CPU
		Release|Any CPU = Release|Any CPU
	EndGlobalSection
	GlobalSection(ProjectConfigurationPlatforms) = postSolution
		{E8D84312-B4F4-4E08-9D49-825B4B66B850}.Debug|Any CPU.ActiveCfg = Debug|Any CPU
		{E8D84312-B4F4-4E08-9D49-825B4B66B850}.Debug|Any CPU.Build.0 = Debug|Any CPU
		{E8D84312-B4F4-4E08-9D49-825B4B66B850}.Release|Any CPU.ActiveCfg = Release|Any CPU
		{E8D84312-B4F4-4E08-9D49-825B4B66B850}.Release|Any CPU.Build.0 = Release|Any CPU
		{5DDF6FC2-6034-4E7A-A34B-1E8C2FC93978}.Debug|Any CPU.ActiveCfg = Debug|Any CPU
		{5DDF6FC2-6034-4E7A-A34B-1E8C2FC93978}.Debug|Any CPU.Build.0 = Debug|Any CPU
		{5DDF6FC2-6034-4E7A-A34B-1E8C2FC93978}.Release|Any CPU.ActiveCfg = Release|Any CPU
		{5DDF6FC2-6034-4E7A-A34B-1E8C2FC93978}.Release|Any CPU.Build.0 = Release|Any CPU
		{9AA679C4-6BD2-4479-BA4F-1B9C88F8127B}.Debug|Any CPU.ActiveCfg = Debug|Any CPU
		{9AA679C4-6BD2-4479-BA4F-1B9C88F8127B}.Debug|Any CPU.Build.0 = Debug|Any CPU
		{9AA679C4-6BD2-4479-BA4F-1B9C88F8127B}.Release|Any CPU.ActiveCfg = Release|Any CPU
		{9AA679C4-6BD2-4479-BA4F-1B9C88F8127B}.Release|Any CPU.Build.0 = Release|Any CPU
		{04FBA009-268D-4ECB-AB5F-3C76B197BE9A}.Debug|Any CPU.ActiveCfg = Debug|Any CPU
		{04FBA009-268D-4ECB-AB5F-3C76B197BE9A}.Debug|Any CPU.Build.0 = Debug|Any CPU
		{04FBA009-268D-4ECB-AB5F-3C76B197BE9A}.Release|Any CPU.ActiveCfg = Release|Any CPU
		{04FBA009-268D-4ECB-AB5F-3C76B197BE9A}.Release|Any CPU.Build.0 = Release|Any CPU
	EndGlobalSection
	GlobalSection(SolutionProperties) = preSolution
		HideSolutionNode = FALSE
	EndGlobalSection
EndGlobal
